
Microsoft Visual Studio Solution File, Format Version 10.00
# Visual Studio 2008
Project("{FAE04EC0-301F-11D3-BF4B-00C04F79EFBC}") = "CalculatorConsoleApp", "CalculatorConsoleApp\CalculatorConsoleApp.csproj", "{B666CDE2-5E5E-4AB8-8E17-63C213C7EEED}"
EndProject
Global
	GlobalSection(SolutionConfigurationPlatforms) = preSolution
		Debug|Any CPU = Debug|Any CPU
		Release|Any CPU = Release|Any CPU
	EndGlobalSection
	GlobalSection(ProjectConfigurationPlatforms) = postSolution
		{B666CDE2-5E5E-4AB8-8E17-63C213C7EEED}.Debug|Any CPU.ActiveCfg = Debug|Any CPU
		{B666CDE2-5E5E-4AB8-8E17-63C213C7EEED}.Debug|Any CPU.Build.0 = Debug|Any CPU
		{B666CDE2-5E5E-4AB8-8E17-63C213C7EEED}.Release|Any CPU.ActiveCfg = Release|Any CPU
		{B666CDE2-5E5E-4AB8-8E17-63C213C7EEED}.Release|Any CPU.Build.0 = Release|Any CPU
	EndGlobalSection
	GlobalSection(SolutionProperties) = preSolution
		HideSolutionNode = FALSE
	EndGlobalSection
EndGlobal
